{
  "nodes": {
    "nixpkgs": {
      "locked": {
        "lastModified": 1673502117,
        "narHash": "sha256-azMsR9/QoU0Xh73yMH7WV3bnnV2PH5UrjnyNA70fNqk=",
        "owner": "NickCao",
        "repo": "nixpkgs",
        "rev": "94e1016501b3b992ec422453e21b0f481dbbf6f5",
        "type": "github"
      },
      "original": {
        "owner": "NickCao",
        "ref": "riscv",
        "repo": "nixpkgs",
        "type": "github"
      }
    },
    "root": {
      "inputs": {
        "nixpkgs": "nixpkgs"
      }
    }
  },
  "root": "root",
  "version": 7
}
